
Microsoft Visual Studio Solution File, Format Version 12.00
# Visual Studio Version 17
VisualStudioVersion = 17.9.34728.123
MinimumVisualStudioVersion = 10.0.40219.1
Project("{9A19103F-16F7-4668-BE54-9A1E7A4F7556}") = "Clinic", "Clinic\Clinic.csproj", "{9DDC3F05-C425-436E-B94F-25713C22CEE8}"
EndProject
Project("{9A19103F-16F7-4668-BE54-9A1E7A4F7556}") = "Lib", "Lib\Lib.csproj", "{1CCD290A-932B-45A1-856D-7BEAE7BB40D4}"
EndProject
Global
	GlobalSection(SolutionConfigurationPlatforms) = preSolution
		Debug|Any CPU = Debug|Any CPU
		Release|Any CPU = Release|Any CPU
	EndGlobalSection
	GlobalSection(ProjectConfigurationPlatforms) = postSolution
		{9DDC3F05-C425-436E-B94F-25713C22CEE8}.Debug|Any CPU.ActiveCfg = Debug|Any CPU
		{9DDC3F05-C425-436E-B94F-25713C22CEE8}.Debug|Any CPU.Build.0 = Debug|Any CPU
		{9DDC3F05-C425-436E-B94F-25713C22CEE8}.Release|Any CPU.ActiveCfg = Release|Any CPU
		{9DDC3F05-C425-436E-B94F-25713C22CEE8}.Release|Any CPU.Build.0 = Release|Any CPU
		{1CCD290A-932B-45A1-856D-7BEAE7BB40D4}.Debug|Any CPU.ActiveCfg = Debug|Any CPU
		{1CCD290A-932B-45A1-856D-7BEAE7BB40D4}.Debug|Any CPU.Build.0 = Debug|Any CPU
		{1CCD290A-932B-45A1-856D-7BEAE7BB40D4}.Release|Any CPU.ActiveCfg = Release|Any CPU
		{1CCD290A-932B-45A1-856D-7BEAE7BB40D4}.Release|Any CPU.Build.0 = Release|Any CPU
	EndGlobalSection
	GlobalSection(SolutionProperties) = preSolution
		HideSolutionNode = FALSE
	EndGlobalSection
	GlobalSection(ExtensibilityGlobals) = postSolution
		SolutionGuid = {B5798689-D682-4ECA-8FB6-CDAA3F634CAA}
	EndGlobalSection
EndGlobal
